
Microsoft Visual Studio Solution File, Format Version 12.00
# Visual Studio Version 17
VisualStudioVersion = 17.6.33712.159
MinimumVisualStudioVersion = 10.0.40219.1
Project("{FAE04EC0-301F-11D3-BF4B-00C04F79EFBC}") = "DigitalInspectionsWebApi", "DigitalInspections\DigitalInspectionsWebApi.csproj", "{166AC9F6-EA12-4030-A888-180AB748CD31}"
EndProject
Global
	GlobalSection(SolutionConfigurationPlatforms) = preSolution
		Debug|Any CPU = Debug|Any CPU
		Release|Any CPU = Release|Any CPU
	EndGlobalSection
	GlobalSection(ProjectConfigurationPlatforms) = postSolution
		{166AC9F6-EA12-4030-A888-180AB748CD31}.Debug|Any CPU.ActiveCfg = Debug|Any CPU
		{166AC9F6-EA12-4030-A888-180AB748CD31}.Debug|Any CPU.Build.0 = Debug|Any CPU
		{166AC9F6-EA12-4030-A888-180AB748CD31}.Release|Any CPU.ActiveCfg = Release|Any CPU
		{166AC9F6-EA12-4030-A888-180AB748CD31}.Release|Any CPU.Build.0 = Release|Any CPU
	EndGlobalSection
	GlobalSection(SolutionProperties) = preSolution
		HideSolutionNode = FALSE
	EndGlobalSection
	GlobalSection(ExtensibilityGlobals) = postSolution
		SolutionGuid = {0D12E67C-DDA4-4222-902C-1EA37B5A8034}
	EndGlobalSection
EndGlobal
